// !$*UTF8*$!
{
	archiveVersion = 1;
	classes = {
	};
	objectVersion = 50;
	objects = {

/* Begin PBXBuildFile section */
		550B0B83BC249E7EA39C173D /* Pods_AppRestauranteTests.framework in Frameworks */ = {isa = PBXBuildFile; fileRef = 8A5A08CECE8BC6F0C8D95468 /* Pods_AppRestauranteTests.framework */; };
		8219899F22564ECB009BC3FD /* AppDelegate.swift in Sources */ = {isa = PBXBuildFile; fileRef = 8219899E22564ECB009BC3FD /* AppDelegate.swift */; };
		821989A122564ECB009BC3FD /* ViewController.swift in Sources */ = {isa = PBXBuildFile; fileRef = 821989A022564ECB009BC3FD /* ViewController.swift */; };
		821989A422564ECB009BC3FD /* Main.storyboard in Resources */ = {isa = PBXBuildFile; fileRef = 821989A222564ECB009BC3FD /* Main.storyboard */; };
		821989A622564ECD009BC3FD /* Assets.xcassets in Resources */ = {isa = PBXBuildFile; fileRef = 821989A522564ECD009BC3FD /* Assets.xcassets */; };
		821989A922564ECD009BC3FD /* LaunchScreen.storyboard in Resources */ = {isa = PBXBuildFile; fileRef = 821989A722564ECD009BC3FD /* LaunchScreen.storyboard */; };
		8231D31022A89E5D00A1DD8A /* OrderViewController.swift in Sources */ = {isa = PBXBuildFile; fileRef = 8231D30F22A89E5D00A1DD8A /* OrderViewController.swift */; };
		828AD6AC22A0DE3F00B52B98 /* LoginController.swift in Sources */ = {isa = PBXBuildFile; fileRef = 828AD6AB22A0DE3F00B52B98 /* LoginController.swift */; };
		828AD6AE22A0DE4900B52B98 /* ProfileController.swift in Sources */ = {isa = PBXBuildFile; fileRef = 828AD6AD22A0DE4900B52B98 /* ProfileController.swift */; };
		828AD6B022A0DE5100B52B98 /* RecoverController.swift in Sources */ = {isa = PBXBuildFile; fileRef = 828AD6AF22A0DE5100B52B98 /* RecoverController.swift */; };
		828AD6B222A0DE5600B52B98 /* RegisterController.swift in Sources */ = {isa = PBXBuildFile; fileRef = 828AD6B122A0DE5600B52B98 /* RegisterController.swift */; };
		828AD6B422A0DFA400B52B98 /* FoodTableViewCell.swift in Sources */ = {isa = PBXBuildFile; fileRef = 828AD6B322A0DFA400B52B98 /* FoodTableViewCell.swift */; };
		828AD6B622A0DFD800B52B98 /* FoodDetailViewController.swift in Sources */ = {isa = PBXBuildFile; fileRef = 828AD6B522A0DFD800B52B98 /* FoodDetailViewController.swift */; };
		828AD6BA22A0FA6600B52B98 /* FoodTableViewController.swift in Sources */ = {isa = PBXBuildFile; fileRef = 828AD6B922A0FA6600B52B98 /* FoodTableViewController.swift */; };
		828AD6C722A104B000B52B98 /* Pizza.jpg in Resources */ = {isa = PBXBuildFile; fileRef = 828AD6C522A104B000B52B98 /* Pizza.jpg */; };
		828AD6C822A104B000B52B98 /* Sandwich.jpg in Resources */ = {isa = PBXBuildFile; fileRef = 828AD6C622A104B000B52B98 /* Sandwich.jpg */; };
		828AD6CB22A104B700B52B98 /* Hamburguesa.jpg in Resources */ = {isa = PBXBuildFile; fileRef = 828AD6C922A104B700B52B98 /* Hamburguesa.jpg */; };
		828AD6CC22A104B700B52B98 /* Papas.jpg in Resources */ = {isa = PBXBuildFile; fileRef = 828AD6CA22A104B700B52B98 /* Papas.jpg */; };
		82B30EEC22A539EB005D98F3 /* FoodViewController.swift in Sources */ = {isa = PBXBuildFile; fileRef = 82B30EEB22A539EB005D98F3 /* FoodViewController.swift */; };
		82BF3D8C22A051AA00A5800F /* FoodRequest.swift in Sources */ = {isa = PBXBuildFile; fileRef = 82BF3D8B22A051AA00A5800F /* FoodRequest.swift */; };
		84E0BF8B53CF14DF4370293E /* Pods_AppRestaurante.framework in Frameworks */ = {isa = PBXBuildFile; fileRef = 70FBC5FD5A28D6BEDA687766 /* Pods_AppRestaurante.framework */; };
		FCFA9093C48802FD751F94C5 /* Pods_AppRestauranteUITests.framework in Frameworks */ = {isa = PBXBuildFile; fileRef = 6903D4BE621203C97F1A9DCE /* Pods_AppRestauranteUITests.framework */; };
/* End PBXBuildFile section */

/* Begin PBXContainerItemProxy section */
		821989B022564ECD009BC3FD /* PBXContainerItemProxy */ = {
			isa = PBXContainerItemProxy;
			containerPortal = 8219899322564ECB009BC3FD /* Project object */;
			proxyType = 1;
			remoteGlobalIDString = 8219899A22564ECB009BC3FD;
			remoteInfo = AppRestaurante;
		};
		821989BB22564ECE009BC3FD /* PBXContainerItemProxy */ = {
			isa = PBXContainerItemProxy;
			containerPortal = 8219899322564ECB009BC3FD /* Project object */;
			proxyType = 1;
			remoteGlobalIDString = 8219899A22564ECB009BC3FD;
			remoteInfo = AppRestaurante;
		};
/* End PBXContainerItemProxy section */

/* Begin PBXFileReference section */
		1B013838E3A5C81405ACD5E3 /* Pods-AppRestauranteUITests.debug.xcconfig */ = {isa = PBXFileReference; includeInIndex = 1; lastKnownFileType = text.xcconfig; name = "Pods-AppRestauranteUITests.debug.xcconfig"; path = "Target Support Files/Pods-AppRestauranteUITests/Pods-AppRestauranteUITests.debug.xcconfig"; sourceTree = "<group>"; };
		2F1251854885615577046E78 /* Pods-AppRestauranteUITests.release.xcconfig */ = {isa = PBXFileReference; includeInIndex = 1; lastKnownFileType = text.xcconfig; name = "Pods-AppRestauranteUITests.release.xcconfig"; path = "Target Support Files/Pods-AppRestauranteUITests/Pods-AppRestauranteUITests.release.xcconfig"; sourceTree = "<group>"; };
		6903D4BE621203C97F1A9DCE /* Pods_AppRestauranteUITests.framework */ = {isa = PBXFileReference; explicitFileType = wrapper.framework; includeInIndex = 0; path = Pods_AppRestauranteUITests.framework; sourceTree = BUILT_PRODUCTS_DIR; };
		70FBC5FD5A28D6BEDA687766 /* Pods_AppRestaurante.framework */ = {isa = PBXFileReference; explicitFileType = wrapper.framework; includeInIndex = 0; path = Pods_AppRestaurante.framework; sourceTree = BUILT_PRODUCTS_DIR; };
		728F31E70EA76491612E62C5 /* Pods-AppRestaurante.debug.xcconfig */ = {isa = PBXFileReference; includeInIndex = 1; lastKnownFileType = text.xcconfig; name = "Pods-AppRestaurante.debug.xcconfig"; path = "Target Support Files/Pods-AppRestaurante/Pods-AppRestaurante.debug.xcconfig"; sourceTree = "<group>"; };
		8219899B22564ECB009BC3FD /* AppRestaurante.app */ = {isa = PBXFileReference; explicitFileType = wrapper.application; includeInIndex = 0; path = AppRestaurante.app; sourceTree = BUILT_PRODUCTS_DIR; };
		8219899E22564ECB009BC3FD /* AppDelegate.swift */ = {isa = PBXFileReference; lastKnownFileType = sourcecode.swift; path = AppDelegate.swift; sourceTree = "<group>"; };
		821989A022564ECB009BC3FD /* ViewController.swift */ = {isa = PBXFileReference; lastKnownFileType = sourcecode.swift; path = ViewController.swift; sourceTree = "<group>"; };
		821989A322564ECB009BC3FD /* Base */ = {isa = PBXFileReference; lastKnownFileType = file.storyboard; name = Base; path = Base.lproj/Main.storyboard; sourceTree = "<group>"; };
		821989A522564ECD009BC3FD /* Assets.xcassets */ = {isa = PBXFileReference; lastKnownFileType = folder.assetcatalog; path = Assets.xcassets; sourceTree = "<group>"; };
		821989A822564ECD009BC3FD /* Base */ = {isa = PBXFileReference; lastKnownFileType = file.storyboard; name = Base; path = Base.lproj/LaunchScreen.storyboard; sourceTree = "<group>"; };
		821989AA22564ECD009BC3FD /* Info.plist */ = {isa = PBXFileReference; lastKnownFileType = text.plist.xml; path = Info.plist; sourceTree = "<group>"; };
		821989AF22564ECD009BC3FD /* AppRestauranteTests.xctest */ = {isa = PBXFileReference; explicitFileType = wrapper.cfbundle; includeInIndex = 0; path = AppRestauranteTests.xctest; sourceTree = BUILT_PRODUCTS_DIR; };
		821989BA22564ECE009BC3FD /* AppRestauranteUITests.xctest */ = {isa = PBXFileReference; explicitFileType = wrapper.cfbundle; includeInIndex = 0; path = AppRestauranteUITests.xctest; sourceTree = BUILT_PRODUCTS_DIR; };
		8231D30F22A89E5D00A1DD8A /* OrderViewController.swift */ = {isa = PBXFileReference; lastKnownFileType = sourcecode.swift; path = OrderViewController.swift; sourceTree = "<group>"; };
		828AD6AB22A0DE3F00B52B98 /* LoginController.swift */ = {isa = PBXFileReference; fileEncoding = 4; lastKnownFileType = sourcecode.swift; name = LoginController.swift; path = AppRestaurante/User/LoginController.swift; sourceTree = "<group>"; };
		828AD6AD22A0DE4900B52B98 /* ProfileController.swift */ = {isa = PBXFileReference; fileEncoding = 4; lastKnownFileType = sourcecode.swift; name = ProfileController.swift; path = AppRestaurante/User/ProfileController.swift; sourceTree = "<group>"; };
		828AD6AF22A0DE5100B52B98 /* RecoverController.swift */ = {isa = PBXFileReference; fileEncoding = 4; lastKnownFileType = sourcecode.swift; name = RecoverController.swift; path = AppRestaurante/User/RecoverController.swift; sourceTree = "<group>"; };
		828AD6B122A0DE5600B52B98 /* RegisterController.swift */ = {isa = PBXFileReference; fileEncoding = 4; lastKnownFileType = sourcecode.swift; name = RegisterController.swift; path = AppRestaurante/User/RegisterController.swift; sourceTree = "<group>"; };
		828AD6B322A0DFA400B52B98 /* FoodTableViewCell.swift */ = {isa = PBXFileReference; lastKnownFileType = sourcecode.swift; path = FoodTableViewCell.swift; sourceTree = "<group>"; };
		828AD6B522A0DFD800B52B98 /* FoodDetailViewController.swift */ = {isa = PBXFileReference; lastKnownFileType = sourcecode.swift; path = FoodDetailViewController.swift; sourceTree = "<group>"; };
		828AD6B922A0FA6600B52B98 /* FoodTableViewController.swift */ = {isa = PBXFileReference; lastKnownFileType = sourcecode.swift; path = FoodTableViewController.swift; sourceTree = "<group>"; };
		828AD6C522A104B000B52B98 /* Pizza.jpg */ = {isa = PBXFileReference; lastKnownFileType = image.jpeg; name = Pizza.jpg; path = ../../Pizza.jpg; sourceTree = "<group>"; };
		828AD6C622A104B000B52B98 /* Sandwich.jpg */ = {isa = PBXFileReference; lastKnownFileType = image.jpeg; name = Sandwich.jpg; path = ../../Sandwich.jpg; sourceTree = "<group>"; };
		828AD6C922A104B700B52B98 /* Hamburguesa.jpg */ = {isa = PBXFileReference; lastKnownFileType = image.jpeg; name = Hamburguesa.jpg; path = ../../Hamburguesa.jpg; sourceTree = "<group>"; };
		828AD6CA22A104B700B52B98 /* Papas.jpg */ = {isa = PBXFileReference; lastKnownFileType = image.jpeg; name = Papas.jpg; path = ../../Papas.jpg; sourceTree = "<group>"; };
		82B30EEB22A539EB005D98F3 /* FoodViewController.swift */ = {isa = PBXFileReference; lastKnownFileType = sourcecode.swift; path = FoodViewController.swift; sourceTree = "<group>"; };
		82BF3D8B22A051AA00A5800F /* FoodRequest.swift */ = {isa = PBXFileReference; lastKnownFileType = sourcecode.swift; path = FoodRequest.swift; sourceTree = "<group>"; };
		842BEF20670BDEB9ABCC7A1C /* Pods-AppRestaurante.release.xcconfig */ = {isa = PBXFileReference; includeInIndex = 1; lastKnownFileType = text.xcconfig; name = "Pods-AppRestaurante.release.xcconfig"; path = "Target Support Files/Pods-AppRestaurante/Pods-AppRestaurante.release.xcconfig"; sourceTree = "<group>"; };
		8A5A08CECE8BC6F0C8D95468 /* Pods_AppRestauranteTests.framework */ = {isa = PBXFileReference; explicitFileType = wrapper.framework; includeInIndex = 0; path = Pods_AppRestauranteTests.framework; sourceTree = BUILT_PRODUCTS_DIR; };
		B58D0B2114521D9490DD9E80 /* Pods-AppRestauranteTests.debug.xcconfig */ = {isa = PBXFileReference; includeInIndex = 1; lastKnownFileType = text.xcconfig; name = "Pods-AppRestauranteTests.debug.xcconfig"; path = "Target Support Files/Pods-AppRestauranteTests/Pods-AppRestauranteTests.debug.xcconfig"; sourceTree = "<group>"; };
		D04C49F9790FE8E8D18E27C3 /* Pods-AppRestauranteTests.release.xcconfig */ = {isa = PBXFileReference; includeInIndex = 1; lastKnownFileType = text.xcconfig; name = "Pods-AppRestauranteTests.release.xcconfig"; path = "Target Support Files/Pods-AppRestauranteTests/Pods-AppRestauranteTests.release.xcconfig"; sourceTree = "<group>"; };
/* End PBXFileReference section */

/* Begin PBXFrameworksBuildPhase section */
		8219899822564ECB009BC3FD /* Frameworks */ = {
			isa = PBXFrameworksBuildPhase;
			buildActionMask = 2147483647;
			files = (
				84E0BF8B53CF14DF4370293E /* Pods_AppRestaurante.framework in Frameworks */,
			);
			runOnlyForDeploymentPostprocessing = 0;
		};
		821989AC22564ECD009BC3FD /* Frameworks */ = {
			isa = PBXFrameworksBuildPhase;
			buildActionMask = 2147483647;
			files = (
				550B0B83BC249E7EA39C173D /* Pods_AppRestauranteTests.framework in Frameworks */,
			);
			runOnlyForDeploymentPostprocessing = 0;
		};
		821989B722564ECE009BC3FD /* Frameworks */ = {
			isa = PBXFrameworksBuildPhase;
			buildActionMask = 2147483647;
			files = (
				FCFA9093C48802FD751F94C5 /* Pods_AppRestauranteUITests.framework in Frameworks */,
			);
			runOnlyForDeploymentPostprocessing = 0;
		};
/* End PBXFrameworksBuildPhase section */

/* Begin PBXGroup section */
		222B495B2A111C68BE6B1A37 /* Frameworks */ = {
			isa = PBXGroup;
			children = (
				70FBC5FD5A28D6BEDA687766 /* Pods_AppRestaurante.framework */,
				8A5A08CECE8BC6F0C8D95468 /* Pods_AppRestauranteTests.framework */,
				6903D4BE621203C97F1A9DCE /* Pods_AppRestauranteUITests.framework */,
			);
			name = Frameworks;
			sourceTree = "<group>";
		};
		8219899222564ECB009BC3FD = {
			isa = PBXGroup;
			children = (
				8219899D22564ECB009BC3FD /* AppRestaurante */,
				8219899C22564ECB009BC3FD /* Products */,
				B5B99C1B67961923AF16B1E9 /* Pods */,
				222B495B2A111C68BE6B1A37 /* Frameworks */,
			);
			sourceTree = "<group>";
		};
		8219899C22564ECB009BC3FD /* Products */ = {
			isa = PBXGroup;
			children = (
				8219899B22564ECB009BC3FD /* AppRestaurante.app */,
				821989AF22564ECD009BC3FD /* AppRestauranteTests.xctest */,
				821989BA22564ECE009BC3FD /* AppRestauranteUITests.xctest */,
			);
			name = Products;
			sourceTree = "<group>";
		};
		8219899D22564ECB009BC3FD /* AppRestaurante */ = {
			isa = PBXGroup;
			children = (
				8219899E22564ECB009BC3FD /* AppDelegate.swift */,
				821989A022564ECB009BC3FD /* ViewController.swift */,
				828AD6B322A0DFA400B52B98 /* FoodTableViewCell.swift */,
				8231D30E22A89E1500A1DD8A /* Order */,
				8252AB7122A0DD8D00DC26FA /* User */,
				82BF3D8F22A0DB9A00A5800F /* Food */,
				821989A222564ECB009BC3FD /* Main.storyboard */,
				821989A522564ECD009BC3FD /* Assets.xcassets */,
				821989A722564ECD009BC3FD /* LaunchScreen.storyboard */,
				821989AA22564ECD009BC3FD /* Info.plist */,
				828AD6C522A104B000B52B98 /* Pizza.jpg */,
				828AD6C622A104B000B52B98 /* Sandwich.jpg */,
				828AD6C922A104B700B52B98 /* Hamburguesa.jpg */,
				828AD6CA22A104B700B52B98 /* Papas.jpg */,
			);
			path = AppRestaurante;
			sourceTree = "<group>";
		};
		8231D30E22A89E1500A1DD8A /* Order */ = {
			isa = PBXGroup;
			children = (
				8231D30F22A89E5D00A1DD8A /* OrderViewController.swift */,
			);
			path = Order;
			sourceTree = "<group>";
		};
		8252AB7122A0DD8D00DC26FA /* User */ = {
			isa = PBXGroup;
			children = (
				828AD6AB22A0DE3F00B52B98 /* LoginController.swift */,
				828AD6AD22A0DE4900B52B98 /* ProfileController.swift */,
				828AD6B122A0DE5600B52B98 /* RegisterController.swift */,
				828AD6AF22A0DE5100B52B98 /* RecoverController.swift */,
			);
			name = User;
			path = ..;
			sourceTree = "<group>";
		};
		82BF3D8F22A0DB9A00A5800F /* Food */ = {
			isa = PBXGroup;
			children = (
				82BF3D8B22A051AA00A5800F /* FoodRequest.swift */,
				828AD6B522A0DFD800B52B98 /* FoodDetailViewController.swift */,
				828AD6B922A0FA6600B52B98 /* FoodTableViewController.swift */,
				82B30EEB22A539EB005D98F3 /* FoodViewController.swift */,
			);
			path = Food;
			sourceTree = "<group>";
		};
		B5B99C1B67961923AF16B1E9 /* Pods */ = {
			isa = PBXGroup;
			children = (
				728F31E70EA76491612E62C5 /* Pods-AppRestaurante.debug.xcconfig */,
				842BEF20670BDEB9ABCC7A1C /* Pods-AppRestaurante.release.xcconfig */,
				B58D0B2114521D9490DD9E80 /* Pods-AppRestauranteTests.debug.xcconfig */,
				D04C49F9790FE8E8D18E27C3 /* Pods-AppRestauranteTests.release.xcconfig */,
				1B013838E3A5C81405ACD5E3 /* Pods-AppRestauranteUITests.debug.xcconfig */,
				2F1251854885615577046E78 /* Pods-AppRestauranteUITests.release.xcconfig */,
			);
			path = Pods;
			sourceTree = "<group>";
		};
/* End PBXGroup section */

/* Begin PBXNativeTarget section */
		8219899A22564ECB009BC3FD /* AppRestaurante */ = {
			isa = PBXNativeTarget;
			buildConfigurationList = 821989C322564ECE009BC3FD /* Build configuration list for PBXNativeTarget "AppRestaurante" */;
			buildPhases = (
				640670383DD1C0C8706F0FBA /* [CP] Check Pods Manifest.lock */,
				8219899722564ECB009BC3FD /* Sources */,
				8219899822564ECB009BC3FD /* Frameworks */,
				8219899922564ECB009BC3FD /* Resources */,
				B65429E7AD49E8905010D382 /* [CP] Embed Pods Frameworks */,
			);
			buildRules = (
			);
			dependencies = (
			);
			name = AppRestaurante;
			productName = AppRestaurante;
			productReference = 8219899B22564ECB009BC3FD /* AppRestaurante.app */;
			productType = "com.apple.product-type.application";
		};
		821989AE22564ECD009BC3FD /* AppRestauranteTests */ = {
			isa = PBXNativeTarget;
			buildConfigurationList = 821989C622564ECE009BC3FD /* Build configuration list for PBXNativeTarget "AppRestauranteTests" */;
			buildPhases = (
				7F08008766440D5C638C0936 /* [CP] Check Pods Manifest.lock */,
				821989AB22564ECD009BC3FD /* Sources */,
				821989AC22564ECD009BC3FD /* Frameworks */,
				821989AD22564ECD009BC3FD /* Resources */,
			);
			buildRules = (
			);
			dependencies = (
				821989B122564ECD009BC3FD /* PBXTargetDependency */,
			);
			name = AppRestauranteTests;
			productName = AppRestauranteTests;
			productReference = 821989AF22564ECD009BC3FD /* AppRestauranteTests.xctest */;
			productType = "com.apple.product-type.bundle.unit-test";
		};
		821989B922564ECE009BC3FD /* AppRestauranteUITests */ = {
			isa = PBXNativeTarget;
			buildConfigurationList = 821989C922564ECE009BC3FD /* Build configuration list for PBXNativeTarget "AppRestauranteUITests" */;
			buildPhases = (
				89164C664C81437266EC8387 /* [CP] Check Pods Manifest.lock */,
				821989B622564ECE009BC3FD /* Sources */,
				821989B722564ECE009BC3FD /* Frameworks */,
				821989B822564ECE009BC3FD /* Resources */,
			);
			buildRules = (
			);
			dependencies = (
				821989BC22564ECE009BC3FD /* PBXTargetDependency */,
			);
			name = AppRestauranteUITests;
			productName = AppRestauranteUITests;
			productReference = 821989BA22564ECE009BC3FD /* AppRestauranteUITests.xctest */;
			productType = "com.apple.product-type.bundle.ui-testing";
		};
/* End PBXNativeTarget section */

/* Begin PBXProject section */
		8219899322564ECB009BC3FD /* Project object */ = {
			isa = PBXProject;
			attributes = {
				LastSwiftUpdateCheck = 1010;
				LastUpgradeCheck = 1010;
				ORGANIZATIONNAME = "Daniel Miranda";
				TargetAttributes = {
					8219899A22564ECB009BC3FD = {
						CreatedOnToolsVersion = 10.1;
					};
					821989AE22564ECD009BC3FD = {
						CreatedOnToolsVersion = 10.1;
						TestTargetID = 8219899A22564ECB009BC3FD;
					};
					821989B922564ECE009BC3FD = {
						CreatedOnToolsVersion = 10.1;
						TestTargetID = 8219899A22564ECB009BC3FD;
					};
				};
			};
			buildConfigurationList = 8219899622564ECB009BC3FD /* Build configuration list for PBXProject "AppRestaurante" */;
			compatibilityVersion = "Xcode 9.3";
			developmentRegion = en;
			hasScannedForEncodings = 0;
			knownRegions = (
				en,
				Base,
			);
			mainGroup = 8219899222564ECB009BC3FD;
			productRefGroup = 8219899C22564ECB009BC3FD /* Products */;
			projectDirPath = "";
			projectRoot = "";
			targets = (
				8219899A22564ECB009BC3FD /* AppRestaurante */,
				821989AE22564ECD009BC3FD /* AppRestauranteTests */,
				821989B922564ECE009BC3FD /* AppRestauranteUITests */,
			);
		};
/* End PBXProject section */

/* Begin PBXResourcesBuildPhase section */
		8219899922564ECB009BC3FD /* Resources */ = {
			isa = PBXResourcesBuildPhase;
			buildActionMask = 2147483647;
			files = (
				828AD6CB22A104B700B52B98 /* Hamburguesa.jpg in Resources */,
				821989A922564ECD009BC3FD /* LaunchScreen.storyboard in Resources */,
				821989A622564ECD009BC3FD /* Assets.xcassets in Resources */,
				828AD6C722A104B000B52B98 /* Pizza.jpg in Resources */,
				828AD6C822A104B000B52B98 /* Sandwich.jpg in Resources */,
				828AD6CC22A104B700B52B98 /* Papas.jpg in Resources */,
				821989A422564ECB009BC3FD /* Main.storyboard in Resources */,
			);
			runOnlyForDeploymentPostprocessing = 0;
		};
		821989AD22564ECD009BC3FD /* Resources */ = {
			isa = PBXResourcesBuildPhase;
			buildActionMask = 2147483647;
			files = (
			);
			runOnlyForDeploymentPostprocessing = 0;
		};
		821989B822564ECE009BC3FD /* Resources */ = {
			isa = PBXResourcesBuildPhase;
			buildActionMask = 2147483647;
			files = (
			);
			runOnlyForDeploymentPostprocessing = 0;
		};
/* End PBXResourcesBuildPhase section */

/* Begin PBXShellScriptBuildPhase section */
		640670383DD1C0C8706F0FBA /* [CP] Check Pods Manifest.lock */ = {
			isa = PBXShellScriptBuildPhase;
			buildActionMask = 2147483647;
			files = (
			);
			inputFileListPaths = (
			);
			inputPaths = (
				"${PODS_PODFILE_DIR_PATH}/Podfile.lock",
				"${PODS_ROOT}/Manifest.lock",
			);
			name = "[CP] Check Pods Manifest.lock";
			outputFileListPaths = (
			);
			outputPaths = (
				"$(DERIVED_FILE_DIR)/Pods-AppRestaurante-checkManifestLockResult.txt",
			);
			runOnlyForDeploymentPostprocessing = 0;
			shellPath = /bin/sh;
			shellScript = "diff \"${PODS_PODFILE_DIR_PATH}/Podfile.lock\" \"${PODS_ROOT}/Manifest.lock\" > /dev/null\nif [ $? != 0 ] ; then\n    # print error to STDERR\n    echo \"error: The sandbox is not in sync with the Podfile.lock. Run 'pod install' or update your CocoaPods installation.\" >&2\n    exit 1\nfi\n# This output is used by Xcode 'outputs' to avoid re-running this script phase.\necho \"SUCCESS\" > \"${SCRIPT_OUTPUT_FILE_0}\"\n";
			showEnvVarsInLog = 0;
		};
		7F08008766440D5C638C0936 /* [CP] Check Pods Manifest.lock */ = {
			isa = PBXShellScriptBuildPhase;
			buildActionMask = 2147483647;
			files = (
			);
			inputFileListPaths = (
			);
			inputPaths = (
				"${PODS_PODFILE_DIR_PATH}/Podfile.lock",
				"${PODS_ROOT}/Manifest.lock",
			);
			name = "[CP] Check Pods Manifest.lock";
			outputFileListPaths = (
			);
			outputPaths = (
				"$(DERIVED_FILE_DIR)/Pods-AppRestauranteTests-checkManifestLockResult.txt",
			);
			runOnlyForDeploymentPostprocessing = 0;
			shellPath = /bin/sh;
			shellScript = "diff \"${PODS_PODFILE_DIR_PATH}/Podfile.lock\" \"${PODS_ROOT}/Manifest.lock\" > /dev/null\nif [ $? != 0 ] ; then\n    # print error to STDERR\n    echo \"error: The sandbox is not in sync with the Podfile.lock. Run 'pod install' or update your CocoaPods installation.\" >&2\n    exit 1\nfi\n# This output is used by Xcode 'outputs' to avoid re-running this script phase.\necho \"SUCCESS\" > \"${SCRIPT_OUTPUT_FILE_0}\"\n";
			showEnvVarsInLog = 0;
		};
		89164C664C81437266EC8387 /* [CP] Check Pods Manifest.lock */ = {
			isa = PBXShellScriptBuildPhase;
			buildActionMask = 2147483647;
			files = (
			);
			inputFileListPaths = (
			);
			inputPaths = (
				"${PODS_PODFILE_DIR_PATH}/Podfile.lock",
				"${PODS_ROOT}/Manifest.lock",
			);
			name = "[CP] Check Pods Manifest.lock";
			outputFileListPaths = (
			);
			outputPaths = (
				"$(DERIVED_FILE_DIR)/Pods-AppRestauranteUITests-checkManifestLockResult.txt",
			);
			runOnlyForDeploymentPostprocessing = 0;
			shellPath = /bin/sh;
			shellScript = "diff \"${PODS_PODFILE_DIR_PATH}/Podfile.lock\" \"${PODS_ROOT}/Manifest.lock\" > /dev/null\nif [ $? != 0 ] ; then\n    # print error to STDERR\n    echo \"error: The sandbox is not in sync with the Podfile.lock. Run 'pod install' or update your CocoaPods installation.\" >&2\n    exit 1\nfi\n# This output is used by Xcode 'outputs' to avoid re-running this script phase.\necho \"SUCCESS\" > \"${SCRIPT_OUTPUT_FILE_0}\"\n";
			showEnvVarsInLog = 0;
		};
		B65429E7AD49E8905010D382 /* [CP] Embed Pods Frameworks */ = {
			isa = PBXShellScriptBuildPhase;
			buildActionMask = 2147483647;
			files = (
			);
			inputFileListPaths = (
			);
			inputPaths = (
				"${PODS_ROOT}/Target Support Files/Pods-AppRestaurante/Pods-AppRestaurante-frameworks.sh",
				"${BUILT_PRODUCTS_DIR}/Alamofire/Alamofire.framework",
			);
			name = "[CP] Embed Pods Frameworks";
			outputFileListPaths = (
			);
			outputPaths = (
				"${TARGET_BUILD_DIR}/${FRAMEWORKS_FOLDER_PATH}/Alamofire.framework",
			);
			runOnlyForDeploymentPostprocessing = 0;
			shellPath = /bin/sh;
			shellScript = "\"${PODS_ROOT}/Target Support Files/Pods-AppRestaurante/Pods-AppRestaurante-frameworks.sh\"\n";
			showEnvVarsInLog = 0;
		};
/* End PBXShellScriptBuildPhase section */

/* Begin PBXSourcesBuildPhase section */
		8219899722564ECB009BC3FD /* Sources */ = {
			isa = PBXSourcesBuildPhase;
			buildActionMask = 2147483647;
			files = (
				828AD6BA22A0FA6600B52B98 /* FoodTableViewController.swift in Sources */,
				828AD6AE22A0DE4900B52B98 /* ProfileController.swift in Sources */,
				828AD6AC22A0DE3F00B52B98 /* LoginController.swift in Sources */,
				82B30EEC22A539EB005D98F3 /* FoodViewController.swift in Sources */,
				821989A122564ECB009BC3FD /* ViewController.swift in Sources */,
				828AD6B622A0DFD800B52B98 /* FoodDetailViewController.swift in Sources */,
				828AD6B022A0DE5100B52B98 /* RecoverController.swift in Sources */,
				82BF3D8C22A051AA00A5800F /* FoodRequest.swift in Sources */,
				828AD6B422A0DFA400B52B98 /* FoodTableViewCell.swift in Sources */,
				8219899F22564ECB009BC3FD /* AppDelegate.swift in Sources */,
				828AD6B222A0DE5600B52B98 /* RegisterController.swift in Sources */,
				8231D31022A89E5D00A1DD8A /* OrderViewController.swift in Sources */,
			);
			runOnlyForDeploymentPostprocessing = 0;
		};
		821989AB22564ECD009BC3FD /* Sources */ = {
			isa = PBXSourcesBuildPhase;
			buildActionMask = 2147483647;
			files = (
			);
			runOnlyForDeploymentPostprocessing = 0;
		};
		821989B622564ECE009BC3FD /* Sources */ = {
			isa = PBXSourcesBuildPhase;
			buildActionMask = 2147483647;
			files = (
			);
			runOnlyForDeploymentPostprocessing = 0;
		};
/* End PBXSourcesBuildPhase section */

/* Begin PBXTargetDependency section */
		821989B122564ECD009BC3FD /* PBXTargetDependency */ = {
			isa = PBXTargetDependency;
			target = 8219899A22564ECB009BC3FD /* AppRestaurante */;
			targetProxy = 821989B022564ECD009BC3FD /* PBXContainerItemProxy */;
		};
		821989BC22564ECE009BC3FD /* PBXTargetDependency */ = {
			isa = PBXTargetDependency;
			target = 8219899A22564ECB009BC3FD /* AppRestaurante */;
			targetProxy = 821989BB22564ECE009BC3FD /* PBXContainerItemProxy */;
		};
/* End PBXTargetDependency section */

/* Begin PBXVariantGroup section */
		821989A222564ECB009BC3FD /* Main.storyboard */ = {
			isa = PBXVariantGroup;
			children = (
				821989A322564ECB009BC3FD /* Base */,
			);
			name = Main.storyboard;
			sourceTree = "<group>";
		};
		821989A722564ECD009BC3FD /* LaunchScreen.storyboard */ = {
			isa = PBXVariantGroup;
			children = (
				821989A822564ECD009BC3FD /* Base */,
			);
			name = LaunchScreen.storyboard;
			sourceTree = "<group>";
		};
/* End PBXVariantGroup section */

/* Begin XCBuildConfiguration section */
		821989C122564ECE009BC3FD /* Debug */ = {
			isa = XCBuildConfiguration;
			buildSettings = {
				ALWAYS_SEARCH_USER_PATHS = NO;
				CLANG_ANALYZER_NONNULL = YES;
				CLANG_ANALYZER_NUMBER_OBJECT_CONVERSION = YES_AGGRESSIVE;
				CLANG_CXX_LANGUAGE_STANDARD = "gnu++14";
				CLANG_CXX_LIBRARY = "libc++";
				CLANG_ENABLE_MODULES = YES;
				CLANG_ENABLE_OBJC_ARC = YES;
				CLANG_ENABLE_OBJC_WEAK = YES;
				CLANG_WARN_BLOCK_CAPTURE_AUTORELEASING = YES;
				CLANG_WARN_BOOL_CONVERSION = YES;
				CLANG_WARN_COMMA = YES;
				CLANG_WARN_CONSTANT_CONVERSION = YES;
				CLANG_WARN_DEPRECATED_OBJC_IMPLEMENTATIONS = YES;
				CLANG_WARN_DIRECT_OBJC_ISA_USAGE = YES_ERROR;
				CLANG_WARN_DOCUMENTATION_COMMENTS = YES;
				CLANG_WARN_EMPTY_BODY = YES;
				CLANG_WARN_ENUM_CONVERSION = YES;
				CLANG_WARN_INFINITE_RECURSION = YES;
				CLANG_WARN_INT_CONVERSION = YES;
				CLANG_WARN_NON_LITERAL_NULL_CONVERSION = YES;
				CLANG_WARN_OBJC_IMPLICIT_RETAIN_SELF = YES;
				CLANG_WARN_OBJC_LITERAL_CONVERSION = YES;
				CLANG_WARN_OBJC_ROOT_CLASS = YES_ERROR;
				CLANG_WARN_RANGE_LOOP_ANALYSIS = YES;
				CLANG_WARN_STRICT_PROTOTYPES = YES;
				CLANG_WARN_SUSPICIOUS_MOVE = YES;
				CLANG_WARN_UNGUARDED_AVAILABILITY = YES_AGGRESSIVE;
				CLANG_WARN_UNREACHABLE_CODE = YES;
				CLANG_WARN__DUPLICATE_METHOD_MATCH = YES;
				CODE_SIGN_IDENTITY = "iPhone Developer";
				COPY_PHASE_STRIP = NO;
				DEBUG_INFORMATION_FORMAT = dwarf;
				ENABLE_STRICT_OBJC_MSGSEND = YES;
				ENABLE_TESTABILITY = YES;
				GCC_C_LANGUAGE_STANDARD = gnu11;
				GCC_DYNAMIC_NO_PIC = NO;
				GCC_NO_COMMON_BLOCKS = YES;
				GCC_OPTIMIZATION_LEVEL = 0;
				GCC_PREPROCESSOR_DEFINITIONS = (
					"DEBUG=1",
					"$(inherited)",
				);
				GCC_WARN_64_TO_32_BIT_CONVERSION = YES;
				GCC_WARN_ABOUT_RETURN_TYPE = YES_ERROR;
				GCC_WARN_UNDECLARED_SELECTOR = YES;
				GCC_WARN_UNINITIALIZED_AUTOS = YES_AGGRESSIVE;
				GCC_WARN_UNUSED_FUNCTION = YES;
				GCC_WARN_UNUSED_VARIABLE = YES;
				IPHONEOS_DEPLOYMENT_TARGET = 12.1;
				MTL_ENABLE_DEBUG_INFO = INCLUDE_SOURCE;
				MTL_FAST_MATH = YES;
				ONLY_ACTIVE_ARCH = YES;
				SDKROOT = iphoneos;
				SWIFT_ACTIVE_COMPILATION_CONDITIONS = DEBUG;
				SWIFT_OPTIMIZATION_LEVEL = "-Onone";
			};
			name = Debug;
		};
		821989C222564ECE009BC3FD /* Release */ = {
			isa = XCBuildConfiguration;
			buildSettings = {
				ALWAYS_SEARCH_USER_PATHS = NO;
				CLANG_ANALYZER_NONNULL = YES;
				CLANG_ANALYZER_NUMBER_OBJECT_CONVERSION = YES_AGGRESSIVE;
				CLANG_CXX_LANGUAGE_STANDARD = "gnu++14";
				CLANG_CXX_LIBRARY = "libc++";
				CLANG_ENABLE_MODULES = YES;
				CLANG_ENABLE_OBJC_ARC = YES;
				CLANG_ENABLE_OBJC_WEAK = YES;
				CLANG_WARN_BLOCK_CAPTURE_AUTORELEASING = YES;
				CLANG_WARN_BOOL_CONVERSION = YES;
				CLANG_WARN_COMMA = YES;
				CLANG_WARN_CONSTANT_CONVERSION = YES;
				CLANG_WARN_DEPRECATED_OBJC_IMPLEMENTATIONS = YES;
				CLANG_WARN_DIRECT_OBJC_ISA_USAGE = YES_ERROR;
				CLANG_WARN_DOCUMENTATION_COMMENTS = YES;
				CLANG_WARN_EMPTY_BODY = YES;
				CLANG_WARN_ENUM_CONVERSION = YES;
				CLANG_WARN_INFINITE_RECURSION = YES;
				CLANG_WARN_INT_CONVERSION = YES;
				CLANG_WARN_NON_LITERAL_NULL_CONVERSION = YES;
				CLANG_WARN_OBJC_IMPLICIT_RETAIN_SELF = YES;
				CLANG_WARN_OBJC_LITERAL_CONVERSION = YES;
				CLANG_WARN_OBJC_ROOT_CLASS = YES_ERROR;
				CLANG_WARN_RANGE_LOOP_ANALYSIS = YES;
				CLANG_WARN_STRICT_PROTOTYPES = YES;
				CLANG_WARN_SUSPICIOUS_MOVE = YES;
				CLANG_WARN_UNGUARDED_AVAILABILITY = YES_AGGRESSIVE;
				CLANG_WARN_UNREACHABLE_CODE = YES;
				CLANG_WARN__DUPLICATE_METHOD_MATCH = YES;
				CODE_SIGN_IDENTITY = "iPhone Developer";
				COPY_PHASE_STRIP = NO;
				DEBUG_INFORMATION_FORMAT = "dwarf-with-dsym";
				ENABLE_NS_ASSERTIONS = NO;
				ENABLE_STRICT_OBJC_MSGSEND = YES;
				GCC_C_LANGUAGE_STANDARD = gnu11;
				GCC_NO_COMMON_BLOCKS = YES;
				GCC_WARN_64_TO_32_BIT_CONVERSION = YES;
				GCC_WARN_ABOUT_RETURN_TYPE = YES_ERROR;
				GCC_WARN_UNDECLARED_SELECTOR = YES;
				GCC_WARN_UNINITIALIZED_AUTOS = YES_AGGRESSIVE;
				GCC_WARN_UNUSED_FUNCTION = YES;
				GCC_WARN_UNUSED_VARIABLE = YES;
				IPHONEOS_DEPLOYMENT_TARGET = 12.1;
				MTL_ENABLE_DEBUG_INFO = NO;
				MTL_FAST_MATH = YES;
				SDKROOT = iphoneos;
				SWIFT_COMPILATION_MODE = wholemodule;
				SWIFT_OPTIMIZATION_LEVEL = "-O";
				VALIDATE_PRODUCT = YES;
			};
			name = Release;
		};
		821989C422564ECE009BC3FD /* Debug */ = {
			isa = XCBuildConfiguration;
			baseConfigurationReference = 728F31E70EA76491612E62C5 /* Pods-AppRestaurante.debug.xcconfig */;
			buildSettings = {
				ASSETCATALOG_COMPILER_APPICON_NAME = AppIcon;
				CODE_SIGN_STYLE = Automatic;
				DEVELOPMENT_TEAM = "";
				INFOPLIST_FILE = AppRestaurante/Info.plist;
				LD_RUNPATH_SEARCH_PATHS = (
					"$(inherited)",
					"@executable_path/Frameworks",
				);
				PRODUCT_BUNDLE_IDENTIFIER = danielmiranda.AppRestaurante;
				PRODUCT_NAME = "$(TARGET_NAME)";
				SWIFT_VERSION = 4.2;
				TARGETED_DEVICE_FAMILY = "1,2";
			};
			name = Debug;
		};
		821989C522564ECE009BC3FD /* Release */ = {
			isa = XCBuildConfiguration;
			baseConfigurationReference = 842BEF20670BDEB9ABCC7A1C /* Pods-AppRestaurante.release.xcconfig */;
			buildSettings = {
				ASSETCATALOG_COMPILER_APPICON_NAME = AppIcon;
				CODE_SIGN_STYLE = Automatic;
				DEVELOPMENT_TEAM = "";
				INFOPLIST_FILE = AppRestaurante/Info.plist;
				LD_RUNPATH_SEARCH_PATHS = (
					"$(inherited)",
					"@executable_path/Frameworks",
				);
				PRODUCT_BUNDLE_IDENTIFIER = danielmiranda.AppRestaurante;
				PRODUCT_NAME = "$(TARGET_NAME)";
				SWIFT_VERSION = 4.2;
				TARGETED_DEVICE_FAMILY = "1,2";
			};
			name = Release;
		};
		821989C722564ECE009BC3FD /* Debug */ = {
			isa = XCBuildConfiguration;
			baseConfigurationReference = B58D0B2114521D9490DD9E80 /* Pods-AppRestauranteTests.debug.xcconfig */;
			buildSettings = {
				ALWAYS_EMBED_SWIFT_STANDARD_LIBRARIES = YES;
				BUNDLE_LOADER = "$(TEST_HOST)";
				CODE_SIGN_STYLE = Automatic;
				INFOPLIST_FILE = AppRestauranteTests/Info.plist;
				LD_RUNPATH_SEARCH_PATHS = (
					"$(inherited)",
					"@executable_path/Frameworks",
					"@loader_path/Frameworks",
				);
				PRODUCT_BUNDLE_IDENTIFIER = danielmiranda.AppRestauranteTests;
				PRODUCT_NAME = "$(TARGET_NAME)";
				SWIFT_VERSION = 4.2;
				TARGETED_DEVICE_FAMILY = "1,2";
				TEST_HOST = "$(BUILT_PRODUCTS_DIR)/AppRestaurante.app/AppRestaurante";
			};
			name = Debug;
		};
		821989C822564ECE009BC3FD /* Release */ = {
			isa = XCBuildConfiguration;
			baseConfigurationReference = D04C49F9790FE8E8D18E27C3 /* Pods-AppRestauranteTests.release.xcconfig */;
			buildSettings = {
				ALWAYS_EMBED_SWIFT_STANDARD_LIBRARIES = YES;
				BUNDLE_LOADER = "$(TEST_HOST)";
				CODE_SIGN_STYLE = Automatic;
				INFOPLIST_FILE = AppRestauranteTests/Info.plist;
				LD_RUNPATH_SEARCH_PATHS = (
					"$(inherited)",
					"@executable_path/Frameworks",
					"@loader_path/Frameworks",
				);
				PRODUCT_BUNDLE_IDENTIFIER = danielmiranda.AppRestauranteTests;
				PRODUCT_NAME = "$(TARGET_NAME)";
				SWIFT_VERSION = 4.2;
				TARGETED_DEVICE_FAMILY = "1,2";
				TEST_HOST = "$(BUILT_PRODUCTS_DIR)/AppRestaurante.app/AppRestaurante";
			};
			name = Release;
		};
		821989CA22564ECE009BC3FD /* Debug */ = {
			isa = XCBuildConfiguration;
			baseConfigurationReference = 1B013838E3A5C81405ACD5E3 /* Pods-AppRestauranteUITests.debug.xcconfig */;
			buildSettings = {
				ALWAYS_EMBED_SWIFT_STANDARD_LIBRARIES = YES;
				CODE_SIGN_STYLE = Automatic;
				INFOPLIST_FILE = AppRestauranteUITests/Info.plist;
				LD_RUNPATH_SEARCH_PATHS = (
					"$(inherited)",
					"@executable_path/Frameworks",
					"@loader_path/Frameworks",
				);
				PRODUCT_BUNDLE_IDENTIFIER = danielmiranda.AppRestauranteUITests;
				PRODUCT_NAME = "$(TARGET_NAME)";
				SWIFT_VERSION = 4.2;
				TARGETED_DEVICE_FAMILY = "1,2";
				TEST_TARGET_NAME = AppRestaurante;
			};
			name = Debug;
		};
		821989CB22564ECE009BC3FD /* Release */ = {
			isa = XCBuildConfiguration;
			baseConfigurationReference = 2F1251854885615577046E78 /* Pods-AppRestauranteUITests.release.xcconfig */;
			buildSettings = {
				ALWAYS_EMBED_SWIFT_STANDARD_LIBRARIES = YES;
				CODE_SIGN_STYLE = Automatic;
				INFOPLIST_FILE = AppRestauranteUITests/Info.plist;
				LD_RUNPATH_SEARCH_PATHS = (
					"$(inherited)",
					"@executable_path/Frameworks",
					"@loader_path/Frameworks",
				);
				PRODUCT_BUNDLE_IDENTIFIER = danielmiranda.AppRestauranteUITests;
				PRODUCT_NAME = "$(TARGET_NAME)";
				SWIFT_VERSION = 4.2;
				TARGETED_DEVICE_FAMILY = "1,2";
				TEST_TARGET_NAME = AppRestaurante;
			};
			name = Release;
		};
/* End XCBuildConfiguration section */

/* Begin XCConfigurationList section */
		8219899622564ECB009BC3FD /* Build configuration list for PBXProject "AppRestaurante" */ = {
			isa = XCConfigurationList;
			buildConfigurations = (
				821989C122564ECE009BC3FD /* Debug */,
				821989C222564ECE009BC3FD /* Release */,
			);
			defaultConfigurationIsVisible = 0;
			defaultConfigurationName = Release;
		};
		821989C322564ECE009BC3FD /* Build configuration list for PBXNativeTarget "AppRestaurante" */ = {
			isa = XCConfigurationList;
			buildConfigurations = (
				821989C422564ECE009BC3FD /* Debug */,
				821989C522564ECE009BC3FD /* Release */,
			);
			defaultConfigurationIsVisible = 0;
			defaultConfigurationName = Release;
		};
		821989C622564ECE009BC3FD /* Build configuration list for PBXNativeTarget "AppRestauranteTests" */ = {
			isa = XCConfigurationList;
			buildConfigurations = (
				821989C722564ECE009BC3FD /* Debug */,
				821989C822564ECE009BC3FD /* Release */,
			);
			defaultConfigurationIsVisible = 0;
			defaultConfigurationName = Release;
		};
		821989C922564ECE009BC3FD /* Build configuration list for PBXNativeTarget "AppRestauranteUITests" */ = {
			isa = XCConfigurationList;
			buildConfigurations = (
				821989CA22564ECE009BC3FD /* Debug */,
				821989CB22564ECE009BC3FD /* Release */,
			);
			defaultConfigurationIsVisible = 0;
			defaultConfigurationName = Release;
		};
/* End XCConfigurationList section */
	};
	rootObject = 8219899322564ECB009BC3FD /* Project object */;
}
